{
  "name": "temp-shaders",
  "version": "1.0.0",
  "lockfileVersion": 3,
  "requires": true,
  "packages": {
    "": {
      "name": "temp-shaders",
      "version": "1.0.0",
      "license": "ISC",
      "dependencies": {
        "@paper-design/shaders": "^0.0.72"
      }
    },
    "node_modules/@paper-design/shaders": {
      "version": "0.0.72",
      "resolved": "https://registry.npmjs.org/@paper-design/shaders/-/shaders-0.0.72.tgz",
      "integrity": "sha512-rk2BFuV5ood2DaivbxJC2jQMzaB434isDUzdUQ85Cy0OWnUMuxl8kyGMR74TDPyjo3EvcHIyreNLkJdRG+GfSA==",
      "license": "SEE LICENSE IN https://github.com/paper-design/shaders/blob/main/LICENSE"
    }
  }
}
